
Microsoft Visual Studio Solution File, Format Version 12.00
# Visual Studio Version 16
VisualStudioVersion = 16.0.30804.86
MinimumVisualStudioVersion = 10.0.40219.1
Project("{FAE04EC0-301F-11D3-BF4B-00C04F79EFBC}") = "ukol 2 (16.12)", "ukol 2 (16.12)\ukol 2 (16.12).csproj", "{39BAEA60-D994-4FEE-A0E1-2EDF4FE93566}"
EndProject
Global
	GlobalSection(SolutionConfigurationPlatforms) = preSolution
		Debug|Any CPU = Debug|Any CPU
		Release|Any CPU = Release|Any CPU
	EndGlobalSection
	GlobalSection(ProjectConfigurationPlatforms) = postSolution
		{39BAEA60-D994-4FEE-A0E1-2EDF4FE93566}.Debug|Any CPU.ActiveCfg = Debug|Any CPU
		{39BAEA60-D994-4FEE-A0E1-2EDF4FE93566}.Debug|Any CPU.Build.0 = Debug|Any CPU
		{39BAEA60-D994-4FEE-A0E1-2EDF4FE93566}.Release|Any CPU.ActiveCfg = Release|Any CPU
		{39BAEA60-D994-4FEE-A0E1-2EDF4FE93566}.Release|Any CPU.Build.0 = Release|Any CPU
	EndGlobalSection
	GlobalSection(SolutionProperties) = preSolution
		HideSolutionNode = FALSE
	EndGlobalSection
	GlobalSection(ExtensibilityGlobals) = postSolution
		SolutionGuid = {650B26EE-3AFE-4810-AF5A-84E669C3511A}
	EndGlobalSection
EndGlobal
